
Microsoft Visual Studio Solution File, Format Version 12.00
# Visual Studio Version 17
VisualStudioVersion = 17.11.35327.3
MinimumVisualStudioVersion = 10.0.40219.1
Project("{FAE04EC0-301F-11D3-BF4B-00C04F79EFBC}") = "DatabaseOpener", "DatabaseOpener.csproj", "{42A52212-8284-47F7-B577-82097BAED365}"
EndProject
Project("{54435603-DBB4-11D2-8724-00A0C9A8B90C}") = "DatabaseAppInstaller", "DatabaseAppInstaller\DatabaseAppInstaller.vdproj", "{9B8647A0-5785-4AC7-8132-2FD6935AAC07}"
EndProject
Global
	GlobalSection(SolutionConfigurationPlatforms) = preSolution
		Debug|Any CPU = Debug|Any CPU
		Release|Any CPU = Release|Any CPU
	EndGlobalSection
	GlobalSection(ProjectConfigurationPlatforms) = postSolution
		{42A52212-8284-47F7-B577-82097BAED365}.Debug|Any CPU.ActiveCfg = Release|Any CPU
		{42A52212-8284-47F7-B577-82097BAED365}.Debug|Any CPU.Build.0 = Release|Any CPU
		{42A52212-8284-47F7-B577-82097BAED365}.Release|Any CPU.ActiveCfg = Release|Any CPU
		{42A52212-8284-47F7-B577-82097BAED365}.Release|Any CPU.Build.0 = Release|Any CPU
		{9B8647A0-5785-4AC7-8132-2FD6935AAC07}.Debug|Any CPU.ActiveCfg = Debug
		{9B8647A0-5785-4AC7-8132-2FD6935AAC07}.Release|Any CPU.ActiveCfg = Release
	EndGlobalSection
	GlobalSection(SolutionProperties) = preSolution
		HideSolutionNode = FALSE
	EndGlobalSection
	GlobalSection(ExtensibilityGlobals) = postSolution
		SolutionGuid = {DCAD63FA-986E-4E2E-928B-8151DDCF6CBD}
	EndGlobalSection
EndGlobal
